<Solution>
  <Folder Name="/.github/" />
  <Folder Name="/.github/workflows/">
    <File Path=".github/workflows/nuget-main.yml" />
  </Folder>
  <Folder Name="/pub/">
    <File Path="pub/PubVersion.json" />
  </Folder>
  <Project Path="VpnHood.Net.IpLocations.Assets.Ip2LocationLite/VpnHood.Net.IpLocations.Assets.Ip2LocationLite.csproj" />
</Solution>
